// !$*UTF8*$!
{
	archiveVersion = 1;
	classes = {
	};
	objectVersion = 56;
	objects = {

/* Begin PBXBuildFile section */
		CE18B5912B32864C00EC428C /* TransactionCardView.swift in Sources */ = {isa = PBXBuildFile; fileRef = CE18B5902B32864C00EC428C /* TransactionCardView.swift */; };
		CE4985812B31D314001CA5F5 /* TintColor.swift in Sources */ = {isa = PBXBuildFile; fileRef = CE4985802B31D314001CA5F5 /* TintColor.swift */; };
		CEA25E342B33B16600A104BA /* LockView.swift in Sources */ = {isa = PBXBuildFile; fileRef = CEA25E332B33B16600A104BA /* LockView.swift */; };
		CEAC717A2B31083B005EB54A /* Expense_TrackerApp.swift in Sources */ = {isa = PBXBuildFile; fileRef = CEAC71792B31083B005EB54A /* Expense_TrackerApp.swift */; };
		CEAC717C2B31083B005EB54A /* ContentView.swift in Sources */ = {isa = PBXBuildFile; fileRef = CEAC717B2B31083B005EB54A /* ContentView.swift */; };
		CEAC717E2B31083C005EB54A /* Assets.xcassets in Resources */ = {isa = PBXBuildFile; fileRef = CEAC717D2B31083C005EB54A /* Assets.xcassets */; };
		CEAC71812B31083C005EB54A /* Preview Assets.xcassets in Resources */ = {isa = PBXBuildFile; fileRef = CEAC71802B31083C005EB54A /* Preview Assets.xcassets */; };
		CEAC718A2B311C95005EB54A /* IntroScreen.swift in Sources */ = {isa = PBXBuildFile; fileRef = CEAC71892B311C95005EB54A /* IntroScreen.swift */; };
		CEAC718D2B311D9C005EB54A /* Constants.swift in Sources */ = {isa = PBXBuildFile; fileRef = CEAC718C2B311D9C005EB54A /* Constants.swift */; };
		CEAC718F2B3120B2005EB54A /* Tab.swift in Sources */ = {isa = PBXBuildFile; fileRef = CEAC718E2B3120B2005EB54A /* Tab.swift */; };
		CEAC71912B312422005EB54A /* Category.swift in Sources */ = {isa = PBXBuildFile; fileRef = CEAC71902B312422005EB54A /* Category.swift */; };
		CEAC71932B31245C005EB54A /* Transactions.swift in Sources */ = {isa = PBXBuildFile; fileRef = CEAC71922B31245C005EB54A /* Transactions.swift */; };
		CEAC7ACA2B35356300C22E97 /* NewExpenseView.swift in Sources */ = {isa = PBXBuildFile; fileRef = CEAC7AC92B35356300C22E97 /* NewExpenseView.swift */; };
		CEB09D4A2B332A0E0004B2AC /* SwipeAction.swift in Sources */ = {isa = PBXBuildFile; fileRef = CEB09D492B332A0E0004B2AC /* SwipeAction.swift */; };
		CEB09D4C2B332D7E0004B2AC /* DateFilterView.swift in Sources */ = {isa = PBXBuildFile; fileRef = CEB09D4B2B332D7E0004B2AC /* DateFilterView.swift */; };
		CECA07FB2B31D87000FA1ADD /* Recents.swift in Sources */ = {isa = PBXBuildFile; fileRef = CECA07FA2B31D87000FA1ADD /* Recents.swift */; };
		CECA07FD2B31D89700FA1ADD /* Settings.swift in Sources */ = {isa = PBXBuildFile; fileRef = CECA07FC2B31D89700FA1ADD /* Settings.swift */; };
		CECA07FF2B31D8A700FA1ADD /* Search.swift in Sources */ = {isa = PBXBuildFile; fileRef = CECA07FE2B31D8A700FA1ADD /* Search.swift */; };
		CECA08012B31D8B600FA1ADD /* Graphs.swift in Sources */ = {isa = PBXBuildFile; fileRef = CECA08002B31D8B600FA1ADD /* Graphs.swift */; };
		CECA08032B31DA6600FA1ADD /* View+Ext.swift in Sources */ = {isa = PBXBuildFile; fileRef = CECA08022B31DA6600FA1ADD /* View+Ext.swift */; };
		CECA08052B31E36000FA1ADD /* Date+Ext.swift in Sources */ = {isa = PBXBuildFile; fileRef = CECA08042B31E36000FA1ADD /* Date+Ext.swift */; };
		CECA08082B31E78B00FA1ADD /* CardView.swift in Sources */ = {isa = PBXBuildFile; fileRef = CECA08072B31E78B00FA1ADD /* CardView.swift */; };
/* End PBXBuildFile section */

/* Begin PBXFileReference section */
		CE18B5902B32864C00EC428C /* TransactionCardView.swift */ = {isa = PBXFileReference; lastKnownFileType = sourcecode.swift; path = TransactionCardView.swift; sourceTree = "<group>"; };
		CE4985802B31D314001CA5F5 /* TintColor.swift */ = {isa = PBXFileReference; lastKnownFileType = sourcecode.swift; path = TintColor.swift; sourceTree = "<group>"; };
		CEA25E332B33B16600A104BA /* LockView.swift */ = {isa = PBXFileReference; fileEncoding = 4; lastKnownFileType = sourcecode.swift; path = LockView.swift; sourceTree = "<group>"; };
		CEAC71762B31083B005EB54A /* Expense Tracker.app */ = {isa = PBXFileReference; explicitFileType = wrapper.application; includeInIndex = 0; path = "Expense Tracker.app"; sourceTree = BUILT_PRODUCTS_DIR; };
		CEAC71792B31083B005EB54A /* Expense_TrackerApp.swift */ = {isa = PBXFileReference; lastKnownFileType = sourcecode.swift; path = Expense_TrackerApp.swift; sourceTree = "<group>"; };
		CEAC717B2B31083B005EB54A /* ContentView.swift */ = {isa = PBXFileReference; lastKnownFileType = sourcecode.swift; path = ContentView.swift; sourceTree = "<group>"; };
		CEAC717D2B31083C005EB54A /* Assets.xcassets */ = {isa = PBXFileReference; lastKnownFileType = folder.assetcatalog; path = Assets.xcassets; sourceTree = "<group>"; };
		CEAC71802B31083C005EB54A /* Preview Assets.xcassets */ = {isa = PBXFileReference; lastKnownFileType = folder.assetcatalog; path = "Preview Assets.xcassets"; sourceTree = "<group>"; };
		CEAC71892B311C95005EB54A /* IntroScreen.swift */ = {isa = PBXFileReference; lastKnownFileType = sourcecode.swift; path = IntroScreen.swift; sourceTree = "<group>"; };
		CEAC718C2B311D9C005EB54A /* Constants.swift */ = {isa = PBXFileReference; lastKnownFileType = sourcecode.swift; path = Constants.swift; sourceTree = "<group>"; };
		CEAC718E2B3120B2005EB54A /* Tab.swift */ = {isa = PBXFileReference; lastKnownFileType = sourcecode.swift; path = Tab.swift; sourceTree = "<group>"; };
		CEAC71902B312422005EB54A /* Category.swift */ = {isa = PBXFileReference; lastKnownFileType = sourcecode.swift; path = Category.swift; sourceTree = "<group>"; };
		CEAC71922B31245C005EB54A /* Transactions.swift */ = {isa = PBXFileReference; lastKnownFileType = sourcecode.swift; path = Transactions.swift; sourceTree = "<group>"; };
		CEAC7AC92B35356300C22E97 /* NewExpenseView.swift */ = {isa = PBXFileReference; lastKnownFileType = sourcecode.swift; path = NewExpenseView.swift; sourceTree = "<group>"; };
		CEB09D492B332A0E0004B2AC /* SwipeAction.swift */ = {isa = PBXFileReference; fileEncoding = 4; lastKnownFileType = sourcecode.swift; path = SwipeAction.swift; sourceTree = "<group>"; };
		CEB09D4B2B332D7E0004B2AC /* DateFilterView.swift */ = {isa = PBXFileReference; lastKnownFileType = sourcecode.swift; path = DateFilterView.swift; sourceTree = "<group>"; };
		CECA07FA2B31D87000FA1ADD /* Recents.swift */ = {isa = PBXFileReference; lastKnownFileType = sourcecode.swift; path = Recents.swift; sourceTree = "<group>"; };
		CECA07FC2B31D89700FA1ADD /* Settings.swift */ = {isa = PBXFileReference; lastKnownFileType = sourcecode.swift; path = Settings.swift; sourceTree = "<group>"; };
		CECA07FE2B31D8A700FA1ADD /* Search.swift */ = {isa = PBXFileReference; lastKnownFileType = sourcecode.swift; path = Search.swift; sourceTree = "<group>"; };
		CECA08002B31D8B600FA1ADD /* Graphs.swift */ = {isa = PBXFileReference; lastKnownFileType = sourcecode.swift; path = Graphs.swift; sourceTree = "<group>"; };
		CECA08022B31DA6600FA1ADD /* View+Ext.swift */ = {isa = PBXFileReference; lastKnownFileType = sourcecode.swift; path = "View+Ext.swift"; sourceTree = "<group>"; };
		CECA08042B31E36000FA1ADD /* Date+Ext.swift */ = {isa = PBXFileReference; lastKnownFileType = sourcecode.swift; path = "Date+Ext.swift"; sourceTree = "<group>"; };
		CECA08072B31E78B00FA1ADD /* CardView.swift */ = {isa = PBXFileReference; lastKnownFileType = sourcecode.swift; path = CardView.swift; sourceTree = "<group>"; };
/* End PBXFileReference section */

/* Begin PBXFrameworksBuildPhase section */
		CEAC71732B31083B005EB54A /* Frameworks */ = {
			isa = PBXFrameworksBuildPhase;
			buildActionMask = 2147483647;
			files = (
			);
			runOnlyForDeploymentPostprocessing = 0;
		};
/* End PBXFrameworksBuildPhase section */

/* Begin PBXGroup section */
		CEAC716D2B31083B005EB54A = {
			isa = PBXGroup;
			children = (
				CEAC71782B31083B005EB54A /* Expense Tracker */,
				CEAC71772B31083B005EB54A /* Products */,
			);
			sourceTree = "<group>";
		};
		CEAC71772B31083B005EB54A /* Products */ = {
			isa = PBXGroup;
			children = (
				CEAC71762B31083B005EB54A /* Expense Tracker.app */,
			);
			name = Products;
			sourceTree = "<group>";
		};
		CEAC71782B31083B005EB54A /* Expense Tracker */ = {
			isa = PBXGroup;
			children = (
				CEAC718B2B311D7A005EB54A /* Helpers */,
				CEAC71882B3108D6005EB54A /* Model */,
				CEAC71872B3108D0005EB54A /* View */,
				CEAC71792B31083B005EB54A /* Expense_TrackerApp.swift */,
				CEAC717B2B31083B005EB54A /* ContentView.swift */,
				CEAC717D2B31083C005EB54A /* Assets.xcassets */,
				CEAC717F2B31083C005EB54A /* Preview Content */,
			);
			path = "Expense Tracker";
			sourceTree = "<group>";
		};
		CEAC717F2B31083C005EB54A /* Preview Content */ = {
			isa = PBXGroup;
			children = (
				CEAC71802B31083C005EB54A /* Preview Assets.xcassets */,
			);
			path = "Preview Content";
			sourceTree = "<group>";
		};
		CEAC71872B3108D0005EB54A /* View */ = {
			isa = PBXGroup;
			children = (
				CECA08062B31E77E00FA1ADD /* Helpers */,
				CECA07F92B31D86100FA1ADD /* TabViews */,
				CEAC71892B311C95005EB54A /* IntroScreen.swift */,
				CEAC7AC92B35356300C22E97 /* NewExpenseView.swift */,
			);
			path = View;
			sourceTree = "<group>";
		};
		CEAC71882B3108D6005EB54A /* Model */ = {
			isa = PBXGroup;
			children = (
				CEAC718E2B3120B2005EB54A /* Tab.swift */,
				CEAC71902B312422005EB54A /* Category.swift */,
				CEAC71922B31245C005EB54A /* Transactions.swift */,
				CE4985802B31D314001CA5F5 /* TintColor.swift */,
			);
			path = Model;
			sourceTree = "<group>";
		};
		CEAC718B2B311D7A005EB54A /* Helpers */ = {
			isa = PBXGroup;
			children = (
				CEAC718C2B311D9C005EB54A /* Constants.swift */,
				CECA08022B31DA6600FA1ADD /* View+Ext.swift */,
				CECA08042B31E36000FA1ADD /* Date+Ext.swift */,
			);
			path = Helpers;
			sourceTree = "<group>";
		};
		CECA07F92B31D86100FA1ADD /* TabViews */ = {
			isa = PBXGroup;
			children = (
				CECA07FA2B31D87000FA1ADD /* Recents.swift */,
				CECA07FE2B31D8A700FA1ADD /* Search.swift */,
				CECA08002B31D8B600FA1ADD /* Graphs.swift */,
				CECA07FC2B31D89700FA1ADD /* Settings.swift */,
			);
			path = TabViews;
			sourceTree = "<group>";
		};
		CECA08062B31E77E00FA1ADD /* Helpers */ = {
			isa = PBXGroup;
			children = (
				CEA25E332B33B16600A104BA /* LockView.swift */,
				CEB09D492B332A0E0004B2AC /* SwipeAction.swift */,
				CECA08072B31E78B00FA1ADD /* CardView.swift */,
				CE18B5902B32864C00EC428C /* TransactionCardView.swift */,
				CEB09D4B2B332D7E0004B2AC /* DateFilterView.swift */,
			);
			path = Helpers;
			sourceTree = "<group>";
		};
/* End PBXGroup section */

/* Begin PBXNativeTarget section */
		CEAC71752B31083B005EB54A /* Expense Tracker */ = {
			isa = PBXNativeTarget;
			buildConfigurationList = CEAC71842B31083C005EB54A /* Build configuration list for PBXNativeTarget "Expense Tracker" */;
			buildPhases = (
				CEAC71722B31083B005EB54A /* Sources */,
				CEAC71732B31083B005EB54A /* Frameworks */,
				CEAC71742B31083B005EB54A /* Resources */,
			);
			buildRules = (
			);
			dependencies = (
			);
			name = "Expense Tracker";
			productName = "Expense Tracker";
			productReference = CEAC71762B31083B005EB54A /* Expense Tracker.app */;
			productType = "com.apple.product-type.application";
		};
/* End PBXNativeTarget section */

/* Begin PBXProject section */
		CEAC716E2B31083B005EB54A /* Project object */ = {
			isa = PBXProject;
			attributes = {
				BuildIndependentTargetsInParallel = 1;
				LastSwiftUpdateCheck = 1500;
				LastUpgradeCheck = 1500;
				TargetAttributes = {
					CEAC71752B31083B005EB54A = {
						CreatedOnToolsVersion = 15.0.1;
					};
				};
			};
			buildConfigurationList = CEAC71712B31083B005EB54A /* Build configuration list for PBXProject "Expense Tracker" */;
			compatibilityVersion = "Xcode 14.0";
			developmentRegion = en;
			hasScannedForEncodings = 0;
			knownRegions = (
				en,
				Base,
			);
			mainGroup = CEAC716D2B31083B005EB54A;
			productRefGroup = CEAC71772B31083B005EB54A /* Products */;
			projectDirPath = "";
			projectRoot = "";
			targets = (
				CEAC71752B31083B005EB54A /* Expense Tracker */,
			);
		};
/* End PBXProject section */

/* Begin PBXResourcesBuildPhase section */
		CEAC71742B31083B005EB54A /* Resources */ = {
			isa = PBXResourcesBuildPhase;
			buildActionMask = 2147483647;
			files = (
				CEAC71812B31083C005EB54A /* Preview Assets.xcassets in Resources */,
				CEAC717E2B31083C005EB54A /* Assets.xcassets in Resources */,
			);
			runOnlyForDeploymentPostprocessing = 0;
		};
/* End PBXResourcesBuildPhase section */

/* Begin PBXSourcesBuildPhase section */
		CEAC71722B31083B005EB54A /* Sources */ = {
			isa = PBXSourcesBuildPhase;
			buildActionMask = 2147483647;
			files = (
				CECA08012B31D8B600FA1ADD /* Graphs.swift in Sources */,
				CECA07FF2B31D8A700FA1ADD /* Search.swift in Sources */,
				CEB09D4C2B332D7E0004B2AC /* DateFilterView.swift in Sources */,
				CE4985812B31D314001CA5F5 /* TintColor.swift in Sources */,
				CECA07FB2B31D87000FA1ADD /* Recents.swift in Sources */,
				CECA08082B31E78B00FA1ADD /* CardView.swift in Sources */,
				CEB09D4A2B332A0E0004B2AC /* SwipeAction.swift in Sources */,
				CEAC717C2B31083B005EB54A /* ContentView.swift in Sources */,
				CEAC7ACA2B35356300C22E97 /* NewExpenseView.swift in Sources */,
				CECA08052B31E36000FA1ADD /* Date+Ext.swift in Sources */,
				CEAC718A2B311C95005EB54A /* IntroScreen.swift in Sources */,
				CECA07FD2B31D89700FA1ADD /* Settings.swift in Sources */,
				CEAC71932B31245C005EB54A /* Transactions.swift in Sources */,
				CEAC718F2B3120B2005EB54A /* Tab.swift in Sources */,
				CEAC717A2B31083B005EB54A /* Expense_TrackerApp.swift in Sources */,
				CEA25E342B33B16600A104BA /* LockView.swift in Sources */,
				CEAC718D2B311D9C005EB54A /* Constants.swift in Sources */,
				CECA08032B31DA6600FA1ADD /* View+Ext.swift in Sources */,
				CEAC71912B312422005EB54A /* Category.swift in Sources */,
				CE18B5912B32864C00EC428C /* TransactionCardView.swift in Sources */,
			);
			runOnlyForDeploymentPostprocessing = 0;
		};
/* End PBXSourcesBuildPhase section */

/* Begin XCBuildConfiguration section */
		CEAC71822B31083C005EB54A /* Debug */ = {
			isa = XCBuildConfiguration;
			buildSettings = {
				ALWAYS_SEARCH_USER_PATHS = NO;
				ASSETCATALOG_COMPILER_GENERATE_SWIFT_ASSET_SYMBOL_EXTENSIONS = YES;
				CLANG_ANALYZER_NONNULL = YES;
				CLANG_ANALYZER_NUMBER_OBJECT_CONVERSION = YES_AGGRESSIVE;
				CLANG_CXX_LANGUAGE_STANDARD = "gnu++20";
				CLANG_ENABLE_MODULES = YES;
				CLANG_ENABLE_OBJC_ARC = YES;
				CLANG_ENABLE_OBJC_WEAK = YES;
				CLANG_WARN_BLOCK_CAPTURE_AUTORELEASING = YES;
				CLANG_WARN_BOOL_CONVERSION = YES;
				CLANG_WARN_COMMA = YES;
				CLANG_WARN_CONSTANT_CONVERSION = YES;
				CLANG_WARN_DEPRECATED_OBJC_IMPLEMENTATIONS = YES;
				CLANG_WARN_DIRECT_OBJC_ISA_USAGE = YES_ERROR;
				CLANG_WARN_DOCUMENTATION_COMMENTS = YES;
				CLANG_WARN_EMPTY_BODY = YES;
				CLANG_WARN_ENUM_CONVERSION = YES;
				CLANG_WARN_INFINITE_RECURSION = YES;
				CLANG_WARN_INT_CONVERSION = YES;
				CLANG_WARN_NON_LITERAL_NULL_CONVERSION = YES;
				CLANG_WARN_OBJC_IMPLICIT_RETAIN_SELF = YES;
				CLANG_WARN_OBJC_LITERAL_CONVERSION = YES;
				CLANG_WARN_OBJC_ROOT_CLASS = YES_ERROR;
				CLANG_WARN_QUOTED_INCLUDE_IN_FRAMEWORK_HEADER = YES;
				CLANG_WARN_RANGE_LOOP_ANALYSIS = YES;
				CLANG_WARN_STRICT_PROTOTYPES = YES;
				CLANG_WARN_SUSPICIOUS_MOVE = YES;
				CLANG_WARN_UNGUARDED_AVAILABILITY = YES_AGGRESSIVE;
				CLANG_WARN_UNREACHABLE_CODE = YES;
				CLANG_WARN__DUPLICATE_METHOD_MATCH = YES;
				COPY_PHASE_STRIP = NO;
				DEBUG_INFORMATION_FORMAT = dwarf;
				ENABLE_STRICT_OBJC_MSGSEND = YES;
				ENABLE_TESTABILITY = YES;
				ENABLE_USER_SCRIPT_SANDBOXING = YES;
				GCC_C_LANGUAGE_STANDARD = gnu17;
				GCC_DYNAMIC_NO_PIC = NO;
				GCC_NO_COMMON_BLOCKS = YES;
				GCC_OPTIMIZATION_LEVEL = 0;
				GCC_PREPROCESSOR_DEFINITIONS = (
					"DEBUG=1",
					"$(inherited)",
				);
				GCC_WARN_64_TO_32_BIT_CONVERSION = YES;
				GCC_WARN_ABOUT_RETURN_TYPE = YES_ERROR;
				GCC_WARN_UNDECLARED_SELECTOR = YES;
				GCC_WARN_UNINITIALIZED_AUTOS = YES_AGGRESSIVE;
				GCC_WARN_UNUSED_FUNCTION = YES;
				GCC_WARN_UNUSED_VARIABLE = YES;
				IPHONEOS_DEPLOYMENT_TARGET = 17.0;
				LOCALIZATION_PREFERS_STRING_CATALOGS = YES;
				MTL_ENABLE_DEBUG_INFO = INCLUDE_SOURCE;
				MTL_FAST_MATH = YES;
				ONLY_ACTIVE_ARCH = YES;
				SDKROOT = iphoneos;
				SWIFT_ACTIVE_COMPILATION_CONDITIONS = "DEBUG $(inherited)";
				SWIFT_OPTIMIZATION_LEVEL = "-Onone";
			};
			name = Debug;
		};
		CEAC71832B31083C005EB54A /* Release */ = {
			isa = XCBuildConfiguration;
			buildSettings = {
				ALWAYS_SEARCH_USER_PATHS = NO;
				ASSETCATALOG_COMPILER_GENERATE_SWIFT_ASSET_SYMBOL_EXTENSIONS = YES;
				CLANG_ANALYZER_NONNULL = YES;
				CLANG_ANALYZER_NUMBER_OBJECT_CONVERSION = YES_AGGRESSIVE;
				CLANG_CXX_LANGUAGE_STANDARD = "gnu++20";
				CLANG_ENABLE_MODULES = YES;
				CLANG_ENABLE_OBJC_ARC = YES;
				CLANG_ENABLE_OBJC_WEAK = YES;
				CLANG_WARN_BLOCK_CAPTURE_AUTORELEASING = YES;
				CLANG_WARN_BOOL_CONVERSION = YES;
				CLANG_WARN_COMMA = YES;
				CLANG_WARN_CONSTANT_CONVERSION = YES;
				CLANG_WARN_DEPRECATED_OBJC_IMPLEMENTATIONS = YES;
				CLANG_WARN_DIRECT_OBJC_ISA_USAGE = YES_ERROR;
				CLANG_WARN_DOCUMENTATION_COMMENTS = YES;
				CLANG_WARN_EMPTY_BODY = YES;
				CLANG_WARN_ENUM_CONVERSION = YES;
				CLANG_WARN_INFINITE_RECURSION = YES;
				CLANG_WARN_INT_CONVERSION = YES;
				CLANG_WARN_NON_LITERAL_NULL_CONVERSION = YES;
				CLANG_WARN_OBJC_IMPLICIT_RETAIN_SELF = YES;
				CLANG_WARN_OBJC_LITERAL_CONVERSION = YES;
				CLANG_WARN_OBJC_ROOT_CLASS = YES_ERROR;
				CLANG_WARN_QUOTED_INCLUDE_IN_FRAMEWORK_HEADER = YES;
				CLANG_WARN_RANGE_LOOP_ANALYSIS = YES;
				CLANG_WARN_STRICT_PROTOTYPES = YES;
				CLANG_WARN_SUSPICIOUS_MOVE = YES;
				CLANG_WARN_UNGUARDED_AVAILABILITY = YES_AGGRESSIVE;
				CLANG_WARN_UNREACHABLE_CODE = YES;
				CLANG_WARN__DUPLICATE_METHOD_MATCH = YES;
				COPY_PHASE_STRIP = NO;
				DEBUG_INFORMATION_FORMAT = "dwarf-with-dsym";
				ENABLE_NS_ASSERTIONS = NO;
				ENABLE_STRICT_OBJC_MSGSEND = YES;
				ENABLE_USER_SCRIPT_SANDBOXING = YES;
				GCC_C_LANGUAGE_STANDARD = gnu17;
				GCC_NO_COMMON_BLOCKS = YES;
				GCC_WARN_64_TO_32_BIT_CONVERSION = YES;
				GCC_WARN_ABOUT_RETURN_TYPE = YES_ERROR;
				GCC_WARN_UNDECLARED_SELECTOR = YES;
				GCC_WARN_UNINITIALIZED_AUTOS = YES_AGGRESSIVE;
				GCC_WARN_UNUSED_FUNCTION = YES;
				GCC_WARN_UNUSED_VARIABLE = YES;
				IPHONEOS_DEPLOYMENT_TARGET = 17.0;
				LOCALIZATION_PREFERS_STRING_CATALOGS = YES;
				MTL_ENABLE_DEBUG_INFO = NO;
				MTL_FAST_MATH = YES;
				SDKROOT = iphoneos;
				SWIFT_COMPILATION_MODE = wholemodule;
				VALIDATE_PRODUCT = YES;
			};
			name = Release;
		};
		CEAC71852B31083C005EB54A /* Debug */ = {
			isa = XCBuildConfiguration;
			buildSettings = {
				ASSETCATALOG_COMPILER_APPICON_NAME = AppIcon;
				ASSETCATALOG_COMPILER_GLOBAL_ACCENT_COLOR_NAME = AccentColor;
				CODE_SIGN_STYLE = Automatic;
				CURRENT_PROJECT_VERSION = 1;
				DEVELOPMENT_ASSET_PATHS = "\"Expense Tracker/Preview Content\"";
				DEVELOPMENT_TEAM = 3Z22XRRSB2;
				ENABLE_PREVIEWS = YES;
				GENERATE_INFOPLIST_FILE = YES;
				INFOPLIST_KEY_NSFaceIDUsageDescription = DESCRIPTION;
				INFOPLIST_KEY_UIApplicationSceneManifest_Generation = YES;
				INFOPLIST_KEY_UIApplicationSupportsIndirectInputEvents = YES;
				INFOPLIST_KEY_UILaunchScreen_Generation = YES;
				INFOPLIST_KEY_UISupportedInterfaceOrientations_iPad = "UIInterfaceOrientationPortrait UIInterfaceOrientationPortraitUpsideDown UIInterfaceOrientationLandscapeLeft UIInterfaceOrientationLandscapeRight";
				INFOPLIST_KEY_UISupportedInterfaceOrientations_iPhone = "UIInterfaceOrientationPortrait UIInterfaceOrientationLandscapeLeft UIInterfaceOrientationLandscapeRight";
				LD_RUNPATH_SEARCH_PATHS = (
					"$(inherited)",
					"@executable_path/Frameworks",
				);
				MARKETING_VERSION = 1.0;
				PRODUCT_BUNDLE_IDENTIFIER = "com.imrob.Expense-Tracker";
				PRODUCT_NAME = "$(TARGET_NAME)";
				SWIFT_EMIT_LOC_STRINGS = YES;
				SWIFT_VERSION = 5.0;
				TARGETED_DEVICE_FAMILY = "1,2";
			};
			name = Debug;
		};
		CEAC71862B31083C005EB54A /* Release */ = {
			isa = XCBuildConfiguration;
			buildSettings = {
				ASSETCATALOG_COMPILER_APPICON_NAME = AppIcon;
				ASSETCATALOG_COMPILER_GLOBAL_ACCENT_COLOR_NAME = AccentColor;
				CODE_SIGN_STYLE = Automatic;
				CURRENT_PROJECT_VERSION = 1;
				DEVELOPMENT_ASSET_PATHS = "\"Expense Tracker/Preview Content\"";
				DEVELOPMENT_TEAM = 3Z22XRRSB2;
				ENABLE_PREVIEWS = YES;
				GENERATE_INFOPLIST_FILE = YES;
				INFOPLIST_KEY_NSFaceIDUsageDescription = DESCRIPTION;
				INFOPLIST_KEY_UIApplicationSceneManifest_Generation = YES;
				INFOPLIST_KEY_UIApplicationSupportsIndirectInputEvents = YES;
				INFOPLIST_KEY_UILaunchScreen_Generation = YES;
				INFOPLIST_KEY_UISupportedInterfaceOrientations_iPad = "UIInterfaceOrientationPortrait UIInterfaceOrientationPortraitUpsideDown UIInterfaceOrientationLandscapeLeft UIInterfaceOrientationLandscapeRight";
				INFOPLIST_KEY_UISupportedInterfaceOrientations_iPhone = "UIInterfaceOrientationPortrait UIInterfaceOrientationLandscapeLeft UIInterfaceOrientationLandscapeRight";
				LD_RUNPATH_SEARCH_PATHS = (
					"$(inherited)",
					"@executable_path/Frameworks",
				);
				MARKETING_VERSION = 1.0;
				PRODUCT_BUNDLE_IDENTIFIER = "com.imrob.Expense-Tracker";
				PRODUCT_NAME = "$(TARGET_NAME)";
				SWIFT_EMIT_LOC_STRINGS = YES;
				SWIFT_VERSION = 5.0;
				TARGETED_DEVICE_FAMILY = "1,2";
			};
			name = Release;
		};
/* End XCBuildConfiguration section */

/* Begin XCConfigurationList section */
		CEAC71712B31083B005EB54A /* Build configuration list for PBXProject "Expense Tracker" */ = {
			isa = XCConfigurationList;
			buildConfigurations = (
				CEAC71822B31083C005EB54A /* Debug */,
				CEAC71832B31083C005EB54A /* Release */,
			);
			defaultConfigurationIsVisible = 0;
			defaultConfigurationName = Release;
		};
		CEAC71842B31083C005EB54A /* Build configuration list for PBXNativeTarget "Expense Tracker" */ = {
			isa = XCConfigurationList;
			buildConfigurations = (
				CEAC71852B31083C005EB54A /* Debug */,
				CEAC71862B31083C005EB54A /* Release */,
			);
			defaultConfigurationIsVisible = 0;
			defaultConfigurationName = Release;
		};
/* End XCConfigurationList section */
	};
	rootObject = CEAC716E2B31083B005EB54A /* Project object */;
}
